// !$*UTF8*$!
{
	archiveVersion = 1;
	classes = {
	};
	objectVersion = 50;
	objects = {

/* Begin PBXBuildFile section */
		45BAB715257D169200BD30FB /* Disconnect.cpp in Sources */ = {isa = PBXBuildFile; fileRef = 45BAB714257D169200BD30FB /* Disconnect.cpp */; };
		45BAB72E257D177500BD30FB /* liboshooks static.a in Frameworks */ = {isa = PBXBuildFile; fileRef = 45BAB723257D175500BD30FB /* liboshooks static.a */; };
		45BAB72F257D177500BD30FB /* liboshooks static.a in Embed Libraries */ = {isa = PBXBuildFile; fileRef = 45BAB723257D175500BD30FB /* liboshooks static.a */; settings = {ATTRIBUTES = (CodeSignOnCopy, ); }; };
/* End PBXBuildFile section */

/* Begin PBXContainerItemProxy section */
		45BAB722257D175500BD30FB /* PBXContainerItemProxy */ = {
			isa = PBXContainerItemProxy;
			containerPortal = 45BAB71C257D175500BD30FB /* oshooks.xcodeproj */;
			proxyType = 2;
			remoteGlobalIDString = 4527DCB42566876800EB58CB;
			remoteInfo = "oshooks static";
		};
		45BAB724257D175500BD30FB /* PBXContainerItemProxy */ = {
			isa = PBXContainerItemProxy;
			containerPortal = 45BAB71C257D175500BD30FB /* oshooks.xcodeproj */;
			proxyType = 2;
			remoteGlobalIDString = 457D7D342565AAD200310764;
			remoteInfo = oshooks;
		};
		45BAB726257D175500BD30FB /* PBXContainerItemProxy */ = {
			isa = PBXContainerItemProxy;
			containerPortal = 45BAB71C257D175500BD30FB /* oshooks.xcodeproj */;
			proxyType = 2;
			remoteGlobalIDString = 4538C2EB256FC33C00E91DE0;
			remoteInfo = "oshooks iOS";
		};
/* End PBXContainerItemProxy section */

/* Begin PBXCopyFilesBuildPhase section */
		45BAB730257D177600BD30FB /* Embed Libraries */ = {
			isa = PBXCopyFilesBuildPhase;
			buildActionMask = 2147483647;
			dstPath = "";
			dstSubfolderSpec = 10;
			files = (
				45BAB72F257D177500BD30FB /* liboshooks static.a in Embed Libraries */,
			);
			name = "Embed Libraries";
			runOnlyForDeploymentPostprocessing = 0;
		};
/* End PBXCopyFilesBuildPhase section */

/* Begin PBXFileReference section */
		45BAB70D257D169200BD30FB /* libDisconnect.dylib */ = {isa = PBXFileReference; explicitFileType = "compiled.mach-o.dylib"; includeInIndex = 0; path = libDisconnect.dylib; sourceTree = BUILT_PRODUCTS_DIR; };
		45BAB714257D169200BD30FB /* Disconnect.cpp */ = {isa = PBXFileReference; lastKnownFileType = sourcecode.cpp.cpp; path = Disconnect.cpp; sourceTree = "<group>"; };
		45BAB71C257D175500BD30FB /* oshooks.xcodeproj */ = {isa = PBXFileReference; lastKnownFileType = "wrapper.pb-project"; name = oshooks.xcodeproj; path = oshooks/oshooks.xcodeproj; sourceTree = "<group>"; };
/* End PBXFileReference section */

/* Begin PBXFrameworksBuildPhase section */
		45BAB70B257D169200BD30FB /* Frameworks */ = {
			isa = PBXFrameworksBuildPhase;
			buildActionMask = 2147483647;
			files = (
				45BAB72E257D177500BD30FB /* liboshooks static.a in Frameworks */,
			);
			runOnlyForDeploymentPostprocessing = 0;
		};
/* End PBXFrameworksBuildPhase section */

/* Begin PBXGroup section */
		45BAB704257D169200BD30FB = {
			isa = PBXGroup;
			children = (
				45BAB71C257D175500BD30FB /* oshooks.xcodeproj */,
				45BAB70F257D169200BD30FB /* Disconnect */,
				45BAB70E257D169200BD30FB /* Products */,
				45BAB72D257D177500BD30FB /* Frameworks */,
			);
			sourceTree = "<group>";
		};
		45BAB70E257D169200BD30FB /* Products */ = {
			isa = PBXGroup;
			children = (
				45BAB70D257D169200BD30FB /* libDisconnect.dylib */,
			);
			name = Products;
			sourceTree = "<group>";
		};
		45BAB70F257D169200BD30FB /* Disconnect */ = {
			isa = PBXGroup;
			children = (
				45BAB714257D169200BD30FB /* Disconnect.cpp */,
			);
			path = Disconnect;
			sourceTree = "<group>";
		};
		45BAB71D257D175500BD30FB /* Products */ = {
			isa = PBXGroup;
			children = (
				45BAB723257D175500BD30FB /* liboshooks static.a */,
				45BAB725257D175500BD30FB /* liboshooks.dylib */,
				45BAB727257D175500BD30FB /* liboshooks iOS.dylib */,
			);
			name = Products;
			sourceTree = "<group>";
		};
		45BAB72D257D177500BD30FB /* Frameworks */ = {
			isa = PBXGroup;
			children = (
			);
			name = Frameworks;
			sourceTree = "<group>";
		};
/* End PBXGroup section */

/* Begin PBXHeadersBuildPhase section */
		45BAB709257D169200BD30FB /* Headers */ = {
			isa = PBXHeadersBuildPhase;
			buildActionMask = 2147483647;
			files = (
			);
			runOnlyForDeploymentPostprocessing = 0;
		};
/* End PBXHeadersBuildPhase section */

/* Begin PBXNativeTarget section */
		45BAB70C257D169200BD30FB /* Disconnect */ = {
			isa = PBXNativeTarget;
			buildConfigurationList = 45BAB718257D169200BD30FB /* Build configuration list for PBXNativeTarget "Disconnect" */;
			buildPhases = (
				45BAB709257D169200BD30FB /* Headers */,
				45BAB70A257D169200BD30FB /* Sources */,
				45BAB70B257D169200BD30FB /* Frameworks */,
				45BAB730257D177600BD30FB /* Embed Libraries */,
			);
			buildRules = (
			);
			dependencies = (
			);
			name = Disconnect;
			productName = Disconnect;
			productReference = 45BAB70D257D169200BD30FB /* libDisconnect.dylib */;
			productType = "com.apple.product-type.library.dynamic";
		};
/* End PBXNativeTarget section */

/* Begin PBXProject section */
		45BAB705257D169200BD30FB /* Project object */ = {
			isa = PBXProject;
			attributes = {
				LastUpgradeCheck = 1230;
				TargetAttributes = {
					45BAB70C257D169200BD30FB = {
						CreatedOnToolsVersion = 12.3;
					};
				};
			};
			buildConfigurationList = 45BAB708257D169200BD30FB /* Build configuration list for PBXProject "Disconnect" */;
			compatibilityVersion = "Xcode 9.3";
			developmentRegion = en;
			hasScannedForEncodings = 0;
			knownRegions = (
				en,
				Base,
			);
			mainGroup = 45BAB704257D169200BD30FB;
			productRefGroup = 45BAB70E257D169200BD30FB /* Products */;
			projectDirPath = "";
			projectReferences = (
				{
					ProductGroup = 45BAB71D257D175500BD30FB /* Products */;
					ProjectRef = 45BAB71C257D175500BD30FB /* oshooks.xcodeproj */;
				},
			);
			projectRoot = "";
			targets = (
				45BAB70C257D169200BD30FB /* Disconnect */,
			);
		};
/* End PBXProject section */

/* Begin PBXReferenceProxy section */
		45BAB723257D175500BD30FB /* liboshooks static.a */ = {
			isa = PBXReferenceProxy;
			fileType = "compiled.mach-o.dylib";
			path = "liboshooks static.a";
			remoteRef = 45BAB722257D175500BD30FB /* PBXContainerItemProxy */;
			sourceTree = BUILT_PRODUCTS_DIR;
		};
		45BAB725257D175500BD30FB /* liboshooks.dylib */ = {
			isa = PBXReferenceProxy;
			fileType = "compiled.mach-o.dylib";
			path = liboshooks.dylib;
			remoteRef = 45BAB724257D175500BD30FB /* PBXContainerItemProxy */;
			sourceTree = BUILT_PRODUCTS_DIR;
		};
		45BAB727257D175500BD30FB /* liboshooks iOS.dylib */ = {
			isa = PBXReferenceProxy;
			fileType = "compiled.mach-o.dylib";
			path = "liboshooks iOS.dylib";
			remoteRef = 45BAB726257D175500BD30FB /* PBXContainerItemProxy */;
			sourceTree = BUILT_PRODUCTS_DIR;
		};
/* End PBXReferenceProxy section */

/* Begin PBXSourcesBuildPhase section */
		45BAB70A257D169200BD30FB /* Sources */ = {
			isa = PBXSourcesBuildPhase;
			buildActionMask = 2147483647;
			files = (
				45BAB715257D169200BD30FB /* Disconnect.cpp in Sources */,
			);
			runOnlyForDeploymentPostprocessing = 0;
		};
/* End PBXSourcesBuildPhase section */

/* Begin XCBuildConfiguration section */
		45BAB716257D169200BD30FB /* Debug */ = {
			isa = XCBuildConfiguration;
			buildSettings = {
				ALWAYS_SEARCH_USER_PATHS = NO;
				CLANG_ANALYZER_NONNULL = YES;
				CLANG_ANALYZER_NUMBER_OBJECT_CONVERSION = YES_AGGRESSIVE;
				CLANG_CXX_LANGUAGE_STANDARD = "gnu++14";
				CLANG_CXX_LIBRARY = "libc++";
				CLANG_ENABLE_MODULES = YES;
				CLANG_ENABLE_OBJC_ARC = YES;
				CLANG_ENABLE_OBJC_WEAK = YES;
				CLANG_WARN_BLOCK_CAPTURE_AUTORELEASING = YES;
				CLANG_WARN_BOOL_CONVERSION = YES;
				CLANG_WARN_COMMA = YES;
				CLANG_WARN_CONSTANT_CONVERSION = YES;
				CLANG_WARN_DEPRECATED_OBJC_IMPLEMENTATIONS = YES;
				CLANG_WARN_DIRECT_OBJC_ISA_USAGE = YES_ERROR;
				CLANG_WARN_DOCUMENTATION_COMMENTS = YES;
				CLANG_WARN_EMPTY_BODY = YES;
				CLANG_WARN_ENUM_CONVERSION = YES;
				CLANG_WARN_INFINITE_RECURSION = YES;
				CLANG_WARN_INT_CONVERSION = YES;
				CLANG_WARN_NON_LITERAL_NULL_CONVERSION = YES;
				CLANG_WARN_OBJC_IMPLICIT_RETAIN_SELF = YES;
				CLANG_WARN_OBJC_LITERAL_CONVERSION = YES;
				CLANG_WARN_OBJC_ROOT_CLASS = YES_ERROR;
				CLANG_WARN_QUOTED_INCLUDE_IN_FRAMEWORK_HEADER = YES;
				CLANG_WARN_RANGE_LOOP_ANALYSIS = YES;
				CLANG_WARN_STRICT_PROTOTYPES = YES;
				CLANG_WARN_SUSPICIOUS_MOVE = YES;
				CLANG_WARN_UNGUARDED_AVAILABILITY = YES_AGGRESSIVE;
				CLANG_WARN_UNREACHABLE_CODE = YES;
				CLANG_WARN__DUPLICATE_METHOD_MATCH = YES;
				COPY_PHASE_STRIP = NO;
				DEBUG_INFORMATION_FORMAT = dwarf;
				ENABLE_STRICT_OBJC_MSGSEND = YES;
				ENABLE_TESTABILITY = YES;
				GCC_C_LANGUAGE_STANDARD = gnu11;
				GCC_DYNAMIC_NO_PIC = NO;
				GCC_NO_COMMON_BLOCKS = YES;
				GCC_OPTIMIZATION_LEVEL = 0;
				GCC_PREPROCESSOR_DEFINITIONS = (
					"DEBUG=1",
					"$(inherited)",
				);
				GCC_WARN_64_TO_32_BIT_CONVERSION = YES;
				GCC_WARN_ABOUT_RETURN_TYPE = YES_ERROR;
				GCC_WARN_UNDECLARED_SELECTOR = YES;
				GCC_WARN_UNINITIALIZED_AUTOS = YES_AGGRESSIVE;
				GCC_WARN_UNUSED_FUNCTION = YES;
				GCC_WARN_UNUSED_VARIABLE = YES;
				MACOSX_DEPLOYMENT_TARGET = 11.1;
				MTL_ENABLE_DEBUG_INFO = INCLUDE_SOURCE;
				MTL_FAST_MATH = YES;
				ONLY_ACTIVE_ARCH = YES;
				SDKROOT = macosx;
			};
			name = Debug;
		};
		45BAB717257D169200BD30FB /* Release */ = {
			isa = XCBuildConfiguration;
			buildSettings = {
				ALWAYS_SEARCH_USER_PATHS = NO;
				CLANG_ANALYZER_NONNULL = YES;
				CLANG_ANALYZER_NUMBER_OBJECT_CONVERSION = YES_AGGRESSIVE;
				CLANG_CXX_LANGUAGE_STANDARD = "gnu++14";
				CLANG_CXX_LIBRARY = "libc++";
				CLANG_ENABLE_MODULES = YES;
				CLANG_ENABLE_OBJC_ARC = YES;
				CLANG_ENABLE_OBJC_WEAK = YES;
				CLANG_WARN_BLOCK_CAPTURE_AUTORELEASING = YES;
				CLANG_WARN_BOOL_CONVERSION = YES;
				CLANG_WARN_COMMA = YES;
				CLANG_WARN_CONSTANT_CONVERSION = YES;
				CLANG_WARN_DEPRECATED_OBJC_IMPLEMENTATIONS = YES;
				CLANG_WARN_DIRECT_OBJC_ISA_USAGE = YES_ERROR;
				CLANG_WARN_DOCUMENTATION_COMMENTS = YES;
				CLANG_WARN_EMPTY_BODY = YES;
				CLANG_WARN_ENUM_CONVERSION = YES;
				CLANG_WARN_INFINITE_RECURSION = YES;
				CLANG_WARN_INT_CONVERSION = YES;
				CLANG_WARN_NON_LITERAL_NULL_CONVERSION = YES;
				CLANG_WARN_OBJC_IMPLICIT_RETAIN_SELF = YES;
				CLANG_WARN_OBJC_LITERAL_CONVERSION = YES;
				CLANG_WARN_OBJC_ROOT_CLASS = YES_ERROR;
				CLANG_WARN_QUOTED_INCLUDE_IN_FRAMEWORK_HEADER = YES;
				CLANG_WARN_RANGE_LOOP_ANALYSIS = YES;
				CLANG_WARN_STRICT_PROTOTYPES = YES;
				CLANG_WARN_SUSPICIOUS_MOVE = YES;
				CLANG_WARN_UNGUARDED_AVAILABILITY = YES_AGGRESSIVE;
				CLANG_WARN_UNREACHABLE_CODE = YES;
				CLANG_WARN__DUPLICATE_METHOD_MATCH = YES;
				COPY_PHASE_STRIP = NO;
				DEBUG_INFORMATION_FORMAT = "dwarf-with-dsym";
				ENABLE_NS_ASSERTIONS = NO;
				ENABLE_STRICT_OBJC_MSGSEND = YES;
				GCC_C_LANGUAGE_STANDARD = gnu11;
				GCC_NO_COMMON_BLOCKS = YES;
				GCC_WARN_64_TO_32_BIT_CONVERSION = YES;
				GCC_WARN_ABOUT_RETURN_TYPE = YES_ERROR;
				GCC_WARN_UNDECLARED_SELECTOR = YES;
				GCC_WARN_UNINITIALIZED_AUTOS = YES_AGGRESSIVE;
				GCC_WARN_UNUSED_FUNCTION = YES;
				GCC_WARN_UNUSED_VARIABLE = YES;
				MACOSX_DEPLOYMENT_TARGET = 11.1;
				MTL_ENABLE_DEBUG_INFO = NO;
				MTL_FAST_MATH = YES;
				SDKROOT = macosx;
			};
			name = Release;
		};
		45BAB719257D169200BD30FB /* Debug */ = {
			isa = XCBuildConfiguration;
			buildSettings = {
				CODE_SIGN_STYLE = Automatic;
				DYLIB_COMPATIBILITY_VERSION = 1;
				DYLIB_CURRENT_VERSION = 1;
				EXECUTABLE_PREFIX = lib;
				GCC_ENABLE_CPP_EXCEPTIONS = YES;
				GCC_ENABLE_CPP_RTTI = YES;
				GCC_SYMBOLS_PRIVATE_EXTERN = YES;
				PRODUCT_NAME = "$(TARGET_NAME)";
				SKIP_INSTALL = YES;
			};
			name = Debug;
		};
		45BAB71A257D169200BD30FB /* Release */ = {
			isa = XCBuildConfiguration;
			buildSettings = {
				CODE_SIGN_STYLE = Automatic;
				DYLIB_COMPATIBILITY_VERSION = 1;
				DYLIB_CURRENT_VERSION = 1;
				EXECUTABLE_PREFIX = lib;
				GCC_ENABLE_CPP_EXCEPTIONS = YES;
				GCC_ENABLE_CPP_RTTI = YES;
				GCC_SYMBOLS_PRIVATE_EXTERN = YES;
				PRODUCT_NAME = "$(TARGET_NAME)";
				SKIP_INSTALL = YES;
			};
			name = Release;
		};
/* End XCBuildConfiguration section */

/* Begin XCConfigurationList section */
		45BAB708257D169200BD30FB /* Build configuration list for PBXProject "Disconnect" */ = {
			isa = XCConfigurationList;
			buildConfigurations = (
				45BAB716257D169200BD30FB /* Debug */,
				45BAB717257D169200BD30FB /* Release */,
			);
			defaultConfigurationIsVisible = 0;
			defaultConfigurationName = Release;
		};
		45BAB718257D169200BD30FB /* Build configuration list for PBXNativeTarget "Disconnect" */ = {
			isa = XCConfigurationList;
			buildConfigurations = (
				45BAB719257D169200BD30FB /* Debug */,
				45BAB71A257D169200BD30FB /* Release */,
			);
			defaultConfigurationIsVisible = 0;
			defaultConfigurationName = Release;
		};
/* End XCConfigurationList section */
	};
	rootObject = 45BAB705257D169200BD30FB /* Project object */;
}
